{
  "nodes": {
    "disko": {
      "inputs": {
        "nixpkgs": [
          "nixos-anywhere",
          "nixpkgs"
        ]
      },
      "locked": {
        "lastModified": 1781152676,
        "narHash": "sha256-RxWs5ND31KzTG7wvMM+PMfUjyNpmIEr999lqNARaM5o=",
        "owner": "nix-community",
        "repo": "disko",
        "rev": "ff8702b4de27f72b4c78573dfb89ec74e36abdf1",
        "type": "github"
      },
      "original": {
        "owner": "nix-community",
        "ref": "master",
        "repo": "disko",
        "type": "github"
      }
    },
    "elisp-helpers": {
      "inputs": {
        "fromElisp": "fromElisp"
      },
      "locked": {
        "lastModified": 1782098990,
        "narHash": "sha256-cdzwG8NRXtwlG25Tjfvscx9nKllZbNbEHvK/q7Sdmak=",
        "ref": "refs/heads/master",
        "rev": "6ed8c5617af3d62a456ad1407c2e22feefd48b1b",
        "shallow": true,
        "type": "git",
        "url": "https://github.com/emacs-twist/elisp-helpers"
      },
      "original": {
        "ref": "refs/heads/master",
        "shallow": true,
        "type": "git",
        "url": "https://github.com/emacs-twist/elisp-helpers"
      }
    },
    "elpa-gnu": {
      "flake": false,
      "locked": {
        "lastModified": 1785271432,
        "narHash": "sha256-eebgvEr5bS1ERuDXsCpakR6gJK7fCw3KHq126fqD+dU=",
        "ref": "refs/heads/main",
        "rev": "bfa0acdd085259c8a53d300268a056cbbb32907d",
        "shallow": true,
        "type": "git",
        "url": "https://git.savannah.gnu.org/git/elpa/gnu.git"
      },
      "original": {
        "ref": "refs/heads/main",
        "shallow": true,
        "type": "git",
        "url": "https://git.savannah.gnu.org/git/elpa/gnu.git"
      }
    },
    "elpa-nongnu": {
      "flake": false,
      "locked": {
        "lastModified": 1784378203,
        "narHash": "sha256-2LHRz//PTwY5kRvdiSNvWhJueG4T4B4zMdgat5DUoBs=",
        "ref": "refs/heads/main",
        "rev": "c60c2d7ae50999938338f30a544b412b2153e861",
        "shallow": true,
        "type": "git",
        "url": "https://git.savannah.gnu.org/git/elpa/nongnu.git"
      },
      "original": {
        "ref": "refs/heads/main",
        "shallow": true,
        "type": "git",
        "url": "https://git.savannah.gnu.org/git/elpa/nongnu.git"
      }
    },
    "emarccs": {
      "inputs": {
        "elpa-gnu": "elpa-gnu",
        "elpa-nongnu": "elpa-nongnu",
        "flake-parts": [
          "flake-parts"
        ],
        "melpa": "melpa",
        "nix-to-lisp": "nix-to-lisp",
        "nixpkgs": [
          "nixpkgs"
        ],
        "twist": "twist"
      },
      "locked": {
        "lastModified": 1785522587,
        "narHash": "sha256-jXMHFiHv23ULQ6itRTd7SYs6KvKI0zWawBl+PTSAYmw=",
        "ref": "refs/heads/main",
        "rev": "72b9f21d28eb36acce636fe75e3a0ee45fccf377",
        "shallow": true,
        "type": "git",
        "url": "https://github.com/ren-lingyu/emarccs.git"
      },
      "original": {
        "ref": "refs/heads/main",
        "shallow": true,
        "type": "git",
        "url": "https://github.com/ren-lingyu/emarccs.git"
      }
    },
    "flake-compat": {
      "flake": false,
      "locked": {
        "lastModified": 1767039857,
        "narHash": "sha256-vNpUSpF5Nuw8xvDLj2KCwwksIbjua2LZCqhV1LNRDns=",
        "owner": "edolstra",
        "repo": "flake-compat",
        "rev": "5edf11c44bc78a0d334f6334cdaf7d60d732daab",
        "type": "github"
      },
      "original": {
        "owner": "edolstra",
        "repo": "flake-compat",
        "type": "github"
      }
    },
    "flake-parts": {
      "inputs": {
        "nixpkgs-lib": "nixpkgs-lib"
      },
      "locked": {
        "lastModified": 1782949081,
        "narHash": "sha256-vp6Y/Grm98ESt6ceOkWiHWyZRDV3J1RID4w+6NWK9yA=",
        "ref": "refs/heads/main",
        "rev": "17c9d6cdfc60c64f4ee8d306f9bc0b4ccb51481e",
        "shallow": true,
        "type": "git",
        "url": "https://github.com/hercules-ci/flake-parts.git"
      },
      "original": {
        "ref": "refs/heads/main",
        "shallow": true,
        "type": "git",
        "url": "https://github.com/hercules-ci/flake-parts.git"
      }
    },
    "flake-parts_2": {
      "inputs": {
        "nixpkgs-lib": [
          "nixvim",
          "nixpkgs"
        ]
      },
      "locked": {
        "lastModified": 1782949081,
        "narHash": "sha256-vp6Y/Grm98ESt6ceOkWiHWyZRDV3J1RID4w+6NWK9yA=",
        "owner": "hercules-ci",
        "repo": "flake-parts",
        "rev": "17c9d6cdfc60c64f4ee8d306f9bc0b4ccb51481e",
        "type": "github"
      },
      "original": {
        "owner": "hercules-ci",
        "repo": "flake-parts",
        "type": "github"
      }
    },
    "fromElisp": {
      "flake": false,
      "locked": {
        "lastModified": 1723987997,
        "narHash": "sha256-OhaVgTG6zjLByzl+uPTvtCld3p2uqgbCXmOl/s3LVRo=",
        "owner": "talyz",
        "repo": "fromElisp",
        "rev": "f071a0e262c02c0895b575c4e322b7fd90713543",
        "type": "github"
      },
      "original": {
        "owner": "talyz",
        "repo": "fromElisp",
        "type": "github"
      }
    },
    "home-manager": {
      "inputs": {
        "nixpkgs": [
          "nixpkgs"
        ]
      },
      "locked": {
        "lastModified": 1785496534,
        "narHash": "sha256-EASdusMYLuPhOCrE3LmsAGOvGhX3vnKBLxFvj9lI8tU=",
        "ref": "refs/heads/master",
        "rev": "e8827fbbb12015a8dd9f66285aec79d655bcb9f6",
        "shallow": true,
        "type": "git",
        "url": "https://github.com/nix-community/home-manager.git"
      },
      "original": {
        "ref": "refs/heads/master",
        "shallow": true,
        "type": "git",
        "url": "https://github.com/nix-community/home-manager.git"
      }
    },
    "melpa": {
      "flake": false,
      "locked": {
        "lastModified": 1785427155,
        "narHash": "sha256-6z6YOIfeoF2dnRvd56yXXpQACa/buDValgQb0+XbzGI=",
        "ref": "refs/heads/master",
        "rev": "fa5bcc94cdf7786e9c675ba308b09d69aa0ce2b3",
        "shallow": true,
        "type": "git",
        "url": "https://github.com/melpa/melpa.git"
      },
      "original": {
        "ref": "refs/heads/master",
        "shallow": true,
        "type": "git",
        "url": "https://github.com/melpa/melpa.git"
      }
    },
    "niri-flake": {
      "inputs": {
        "niri-stable": "niri-stable",
        "niri-unstable": "niri-unstable",
        "nixpkgs": [
          "nixpkgs"
        ],
        "nixpkgs-stable": "nixpkgs-stable",
        "xwayland-satellite-stable": "xwayland-satellite-stable",
        "xwayland-satellite-unstable": "xwayland-satellite-unstable"
      },
      "locked": {
        "lastModified": 1785494453,
        "narHash": "sha256-nK6DCmFpPgaHweU2Y8BMxutfTihwXJ2XkxaoMZPBpMQ=",
        "ref": "refs/heads/main",
        "rev": "68414146fbe13d8fce7748cf2f4e9e46e4834e2e",
        "shallow": true,
        "type": "git",
        "url": "https://github.com/sodiboo/niri-flake.git"
      },
      "original": {
        "ref": "refs/heads/main",
        "shallow": true,
        "type": "git",
        "url": "https://github.com/sodiboo/niri-flake.git"
      }
    },
    "niri-stable": {
      "flake": false,
      "locked": {
        "lastModified": 1756556321,
        "narHash": "sha256-RLD89dfjN0RVO86C/Mot0T7aduCygPGaYbog566F0Qo=",
        "owner": "YaLTeR",
        "repo": "niri",
        "rev": "01be0e65f4eb91a9cd624ac0b76aaeab765c7294",
        "type": "github"
      },
      "original": {
        "owner": "YaLTeR",
        "ref": "v25.08",
        "repo": "niri",
        "type": "github"
      }
    },
    "niri-unstable": {
      "flake": false,
      "locked": {
        "lastModified": 1784570726,
        "narHash": "sha256-9EMn69JBcFWFgUM7f0VBAX+jBby5b9H3M59U75+5yI4=",
        "owner": "YaLTeR",
        "repo": "niri",
        "rev": "7f26c3ee804fb6ed458ef7fb0e3c794f14e0b3bc",
        "type": "github"
      },
      "original": {
        "owner": "YaLTeR",
        "repo": "niri",
        "type": "github"
      }
    },
    "nix-flatpak": {
      "locked": {
        "lastModified": 1767983141,
        "narHash": "sha256-7ZCulYUD9RmJIDULTRkGLSW1faMpDlPKcbWJLYHoXcs=",
        "ref": "refs/tags/latest",
        "rev": "440818969ac2cbd77bfe025e884d0aa528991374",
        "shallow": true,
        "type": "git",
        "url": "https://github.com/gmodena/nix-flatpak.git"
      },
      "original": {
        "ref": "refs/tags/latest",
        "shallow": true,
        "type": "git",
        "url": "https://github.com/gmodena/nix-flatpak.git"
      }
    },
    "nix-to-lisp": {
      "inputs": {
        "flake-parts": [
          "emarccs",
          "flake-parts"
        ],
        "nixpkgs": [
          "emarccs",
          "nixpkgs"
        ]
      },
      "locked": {
        "lastModified": 1784382123,
        "narHash": "sha256-G8ckDi8u7KHyOvTUoL6q+YRwLHZmG3YuL3pjmV09lAY=",
        "ref": "refs/heads/main",
        "rev": "bc3aaf9355aa6de4a5fed2440606c8f2400ff347",
        "shallow": true,
        "type": "git",
        "url": "https://github.com/ren-lingyu/nix-to-lisp.git"
      },
      "original": {
        "ref": "refs/heads/main",
        "shallow": true,
        "type": "git",
        "url": "https://github.com/ren-lingyu/nix-to-lisp.git"
      }
    },
    "nix-vm-test": {
      "inputs": {
        "nixpkgs": [
          "nixos-anywhere",
          "nixpkgs"
        ]
      },
      "locked": {
        "lastModified": 1783265394,
        "narHash": "sha256-cq4YfNFGYzp0NItZP8tEC7xUI8OSgY4fj75AU/NSaPM=",
        "owner": "numtide",
        "repo": "nix-vm-test",
        "rev": "1a587212d2ac8b669c6c32499015f996506b6ba5",
        "type": "github"
      },
      "original": {
        "owner": "numtide",
        "repo": "nix-vm-test",
        "type": "github"
      }
    },
    "nixos-anywhere": {
      "inputs": {
        "disko": "disko",
        "nix-vm-test": "nix-vm-test",
        "nixos-images": "nixos-images",
        "nixos-stable": "nixos-stable",
        "nixpkgs": "nixpkgs",
        "treefmt-nix": "treefmt-nix"
      },
      "locked": {
        "lastModified": 1785356851,
        "narHash": "sha256-UYKTcayxYPE3yIruCv525WMbcYDLlkv79bRfkOuFNLs=",
        "ref": "refs/heads/main",
        "rev": "5887f1c72fbf0e88000716237194de414d2299ee",
        "shallow": true,
        "type": "git",
        "url": "https://github.com/nix-community/nixos-anywhere.git"
      },
      "original": {
        "ref": "refs/heads/main",
        "shallow": true,
        "type": "git",
        "url": "https://github.com/nix-community/nixos-anywhere.git"
      }
    },
    "nixos-images": {
      "inputs": {
        "nixos-stable": [
          "nixos-anywhere",
          "nixos-stable"
        ],
        "nixos-unstable": [
          "nixos-anywhere",
          "nixpkgs"
        ]
      },
      "locked": {
        "lastModified": 1784802994,
        "narHash": "sha256-4PcD0Ibzdkh85G+70w5dLlR9YgQ2bmNIjiPPMSzO57w=",
        "owner": "nix-community",
        "repo": "nixos-images",
        "rev": "6ece16b0c97986fe085122e796044add4cc3ff64",
        "type": "github"
      },
      "original": {
        "owner": "nix-community",
        "repo": "nixos-images",
        "type": "github"
      }
    },
    "nixos-stable": {
      "locked": {
        "lastModified": 1785133411,
        "narHash": "sha256-Yjv0WEg39KRYS0rBdTbu6Fc/or/ihAKk13W9sQ6VWd0=",
        "owner": "NixOS",
        "repo": "nixpkgs",
        "rev": "2f5a153c270b70cb0f8c11f46d96d6d3bc39f4e3",
        "type": "github"
      },
      "original": {
        "owner": "NixOS",
        "ref": "nixos-26.05",
        "repo": "nixpkgs",
        "type": "github"
      }
    },
    "nixos-wsl": {
      "inputs": {
        "flake-compat": "flake-compat",
        "nixpkgs": [
          "nixpkgs"
        ]
      },
      "locked": {
        "lastModified": 1784642409,
        "narHash": "sha256-hcbDqFuySAJawljt5r0sKBCJKYnbtGD0T/ZIozH1Dq0=",
        "ref": "refs/heads/main",
        "rev": "eaeb18da90024448a60eb1ec7132eafa4003404e",
        "shallow": true,
        "type": "git",
        "url": "https://github.com/nix-community/NixOS-WSL.git"
      },
      "original": {
        "ref": "refs/heads/main",
        "shallow": true,
        "type": "git",
        "url": "https://github.com/nix-community/NixOS-WSL.git"
      }
    },
    "nixpkgs": {
      "locked": {
        "lastModified": 1785307242,
        "narHash": "sha256-ru0UgPKsj5gRJHkLVUY88sIymx4WPniZCtUJyldMtLs=",
        "owner": "nixos",
        "repo": "nixpkgs",
        "rev": "255d738cbacb7f30ac8629e091538c4382841ac5",
        "type": "github"
      },
      "original": {
        "owner": "nixos",
        "ref": "nixos-unstable-small",
        "repo": "nixpkgs",
        "type": "github"
      }
    },
    "nixpkgs-lib": {
      "locked": {
        "lastModified": 1782614948,
        "narHash": "sha256-ePjCwr1sNm9NYUqywL7QfK3JnlS015msC+eBu2zKlp8=",
        "owner": "nix-community",
        "repo": "nixpkgs.lib",
        "rev": "db3f255737b94216eb71cce308e2912cf6bc2d7c",
        "type": "github"
      },
      "original": {
        "owner": "nix-community",
        "repo": "nixpkgs.lib",
        "type": "github"
      }
    },
    "nixpkgs-stable": {
      "locked": {
        "lastModified": 1782847189,
        "narHash": "sha256-twXPFqFsrrY5r28Zh7Homgcp2gUMBgQ6WDS98Q/3xFI=",
        "owner": "NixOS",
        "repo": "nixpkgs",
        "rev": "b6018f87da91d19d0ab4cf979885689b469cdd41",
        "type": "github"
      },
      "original": {
        "owner": "NixOS",
        "ref": "nixos-25.11",
        "repo": "nixpkgs",
        "type": "github"
      }
    },
    "nixpkgs_2": {
      "locked": {
        "lastModified": 1785454630,
        "narHash": "sha256-LQy14TZp77TwbQf40gg1V3jo8FwJG0jGDkAH+zRHqg8=",
        "ref": "refs/heads/nixos-unstable",
        "rev": "1559d3daa3ecc813a650b79375ea61b6741b8746",
        "shallow": true,
        "type": "git",
        "url": "https://github.com/NixOS/nixpkgs"
      },
      "original": {
        "ref": "refs/heads/nixos-unstable",
        "shallow": true,
        "type": "git",
        "url": "https://github.com/NixOS/nixpkgs"
      }
    },
    "nixpkgs_3": {
      "locked": {
        "lastModified": 1784555310,
        "narHash": "sha256-/FCliTPgiuV1owejZFNx3Ch9irdvkOfOFl+HHZ+DrtM=",
        "owner": "NixOS",
        "repo": "nixpkgs",
        "rev": "421eebfd0ec7bccd4abe826ce62d7e6e83129493",
        "type": "github"
      },
      "original": {
        "owner": "NixOS",
        "ref": "nixpkgs-unstable",
        "repo": "nixpkgs",
        "type": "github"
      }
    },
    "nixvim": {
      "inputs": {
        "flake-parts": "flake-parts_2",
        "nixpkgs": "nixpkgs_3",
        "systems": "systems"
      },
      "locked": {
        "lastModified": 1785364321,
        "narHash": "sha256-BLuHl+nZKb+FDq3GAM6L+UBEiyVepXANA31fT1F56pw=",
        "ref": "refs/heads/main",
        "rev": "acd69cc15d57004e8cb4495034320263a3d362ea",
        "shallow": true,
        "type": "git",
        "url": "https://github.com/nix-community/nixvim.git"
      },
      "original": {
        "ref": "refs/heads/main",
        "shallow": true,
        "type": "git",
        "url": "https://github.com/nix-community/nixvim.git"
      }
    },
    "noctalia": {
      "inputs": {
        "nixpkgs": [
          "nixpkgs"
        ],
        "noctalia-qs": "noctalia-qs"
      },
      "locked": {
        "lastModified": 1778694557,
        "narHash": "sha256-QszLpoDPD7JEv8B/w1U2u1ksBw/CYBDmwUTLhJrekF0=",
        "ref": "refs/tags/v4.7.7",
        "rev": "3abfa1fc09b62dc4cdeeb7b787886f075696f0b7",
        "shallow": true,
        "type": "git",
        "url": "https://github.com/noctalia-dev/noctalia.git"
      },
      "original": {
        "ref": "refs/tags/v4.7.7",
        "shallow": true,
        "type": "git",
        "url": "https://github.com/noctalia-dev/noctalia.git"
      }
    },
    "noctalia-qs": {
      "inputs": {
        "nixpkgs": [
          "noctalia",
          "nixpkgs"
        ],
        "systems": "systems_2",
        "treefmt-nix": "treefmt-nix_2"
      },
      "locked": {
        "lastModified": 1778377995,
        "narHash": "sha256-uUzHDHqQF1rdVNiTa05L0mML3/d7fpbAShjCRWxbrBQ=",
        "owner": "noctalia-dev",
        "repo": "noctalia-qs",
        "rev": "d8327a723eed6dd9aebe8e0b162126f390e827df",
        "type": "github"
      },
      "original": {
        "owner": "noctalia-dev",
        "repo": "noctalia-qs",
        "type": "github"
      }
    },
    "root": {
      "inputs": {
        "disko": [
          "nixos-anywhere",
          "disko"
        ],
        "emarccs": "emarccs",
        "flake-parts": "flake-parts",
        "home-manager": "home-manager",
        "niri-flake": "niri-flake",
        "nix-flatpak": "nix-flatpak",
        "nixos-anywhere": "nixos-anywhere",
        "nixos-wsl": "nixos-wsl",
        "nixpkgs": "nixpkgs_2",
        "nixvim": "nixvim",
        "noctalia": "noctalia",
        "self-nixpkgs": "self-nixpkgs",
        "sops-nix": "sops-nix"
      }
    },
    "self-nixpkgs": {
      "inputs": {
        "nixpkgs": [
          "nixpkgs"
        ]
      },
      "locked": {
        "lastModified": 1784381926,
        "narHash": "sha256-Of7jfZvoGwm9R0/WMTEc1ZGTaG4w0opmTp4snlrLwR4=",
        "ref": "refs/heads/main",
        "rev": "00c853c42c325cf7a3c5e0640c582e9c1921fbcd",
        "shallow": true,
        "type": "git",
        "url": "https://github.com/ren-lingyu/nixpkgs.git"
      },
      "original": {
        "ref": "refs/heads/main",
        "shallow": true,
        "type": "git",
        "url": "https://github.com/ren-lingyu/nixpkgs.git"
      }
    },
    "sops-nix": {
      "inputs": {
        "nixpkgs": [
          "nixpkgs"
        ]
      },
      "locked": {
        "lastModified": 1783174389,
        "narHash": "sha256-aCWC8ngycU7OdJrU2+Je3qf+1a2ykuBvpPhZT/9tXMc=",
        "ref": "refs/heads/master",
        "rev": "f1406619a3884cd5c47992a70b8b35c9c0fcb4c9",
        "shallow": true,
        "type": "git",
        "url": "https://github.com/Mic92/sops-nix.git"
      },
      "original": {
        "ref": "refs/heads/master",
        "shallow": true,
        "type": "git",
        "url": "https://github.com/Mic92/sops-nix.git"
      }
    },
    "systems": {
      "locked": {
        "lastModified": 1774449309,
        "narHash": "sha256-brhZ8DmuGtzkCYHJg4HEd602amKm89Y9ytsFZ5uWD1w=",
        "owner": "nix-systems",
        "repo": "default",
        "rev": "c29398b59d2048c4ab79345812849c9bd15e9150",
        "type": "github"
      },
      "original": {
        "owner": "nix-systems",
        "ref": "future-26.11",
        "repo": "default",
        "type": "github"
      }
    },
    "systems_2": {
      "locked": {
        "lastModified": 1689347949,
        "narHash": "sha256-12tWmuL2zgBgZkdoB6qXZsgJEH9LR3oUgpaQq2RbI80=",
        "owner": "nix-systems",
        "repo": "default-linux",
        "rev": "31732fcf5e8fea42e59c2488ad31a0e651500f68",
        "type": "github"
      },
      "original": {
        "owner": "nix-systems",
        "repo": "default-linux",
        "type": "github"
      }
    },
    "treefmt-nix": {
      "inputs": {
        "nixpkgs": [
          "nixos-anywhere",
          "nixpkgs"
        ]
      },
      "locked": {
        "lastModified": 1784369104,
        "narHash": "sha256-47cxbcZODibHv3rELFQ9vZly0vUNkND/atn/U7HLeb0=",
        "owner": "numtide",
        "repo": "treefmt-nix",
        "rev": "df3c0640565d04a0261253cdd89fce78ec50168a",
        "type": "github"
      },
      "original": {
        "owner": "numtide",
        "repo": "treefmt-nix",
        "type": "github"
      }
    },
    "treefmt-nix_2": {
      "inputs": {
        "nixpkgs": [
          "noctalia",
          "noctalia-qs",
          "nixpkgs"
        ]
      },
      "locked": {
        "lastModified": 1775636079,
        "narHash": "sha256-pc20NRoMdiar8oPQceQT47UUZMBTiMdUuWrYu2obUP0=",
        "owner": "numtide",
        "repo": "treefmt-nix",
        "rev": "790751ff7fd3801feeaf96d7dc416a8d581265ba",
        "type": "github"
      },
      "original": {
        "owner": "numtide",
        "repo": "treefmt-nix",
        "type": "github"
      }
    },
    "twist": {
      "inputs": {
        "elisp-helpers": "elisp-helpers"
      },
      "locked": {
        "lastModified": 1784591000,
        "narHash": "sha256-WN1fwSB0X2+PRGlvp1QABWo4NbgeR6MempXH7y0nP8o=",
        "ref": "refs/heads/master",
        "rev": "cf6d43cac9811c2b3f3de95a79ca351e1bca4e57",
        "shallow": true,
        "type": "git",
        "url": "https://github.com/emacs-twist/twist.nix.git"
      },
      "original": {
        "ref": "refs/heads/master",
        "shallow": true,
        "type": "git",
        "url": "https://github.com/emacs-twist/twist.nix.git"
      }
    },
    "xwayland-satellite-stable": {
      "flake": false,
      "locked": {
        "lastModified": 1755491097,
        "narHash": "sha256-m+9tUfsmBeF2Gn4HWa6vSITZ4Gz1eA1F5Kh62B0N4oE=",
        "owner": "Supreeeme",
        "repo": "xwayland-satellite",
        "rev": "388d291e82ffbc73be18169d39470f340707edaa",
        "type": "github"
      },
      "original": {
        "owner": "Supreeeme",
        "ref": "v0.7",
        "repo": "xwayland-satellite",
        "type": "github"
      }
    },
    "xwayland-satellite-unstable": {
      "flake": false,
      "locked": {
        "lastModified": 1784679892,
        "narHash": "sha256-Mb7jpqnrcYCfNSItIkkHpuR3YxWFxPuIBfcwNKlRBkk=",
        "owner": "Supreeeme",
        "repo": "xwayland-satellite",
        "rev": "8d135d3b2854b30fd01ea6cd6c27e523dd50a839",
        "type": "github"
      },
      "original": {
        "owner": "Supreeeme",
        "repo": "xwayland-satellite",
        "type": "github"
      }
    }
  },
  "root": "root",
  "version": 7
}
